
Microsoft Visual Studio Solution File, Format Version 12.00
# Visual Studio Version 17
VisualStudioVersion = 17.9.34902.65
MinimumVisualStudioVersion = 10.0.40219.1
Project("{FAE04EC0-301F-11D3-BF4B-00C04F79EFBC}") = "exercicio4", "exercicio4\exercicio4.csproj", "{AACF0302-821D-4E0F-B359-2F5BDD02A023}"
EndProject
Global
	GlobalSection(SolutionConfigurationPlatforms) = preSolution
		Debug|Any CPU = Debug|Any CPU
		Release|Any CPU = Release|Any CPU
	EndGlobalSection
	GlobalSection(ProjectConfigurationPlatforms) = postSolution
		{AACF0302-821D-4E0F-B359-2F5BDD02A023}.Debug|Any CPU.ActiveCfg = Debug|Any CPU
		{AACF0302-821D-4E0F-B359-2F5BDD02A023}.Debug|Any CPU.Build.0 = Debug|Any CPU
		{AACF0302-821D-4E0F-B359-2F5BDD02A023}.Release|Any CPU.ActiveCfg = Release|Any CPU
		{AACF0302-821D-4E0F-B359-2F5BDD02A023}.Release|Any CPU.Build.0 = Release|Any CPU
	EndGlobalSection
	GlobalSection(SolutionProperties) = preSolution
		HideSolutionNode = FALSE
	EndGlobalSection
	GlobalSection(ExtensibilityGlobals) = postSolution
		SolutionGuid = {67CE4292-C411-42F8-8F10-9A57B1345E01}
	EndGlobalSection
EndGlobal
