
Microsoft Visual Studio Solution File, Format Version 12.00
# Visual Studio Version 17
VisualStudioVersion = 17.9.34902.65
MinimumVisualStudioVersion = 10.0.40219.1
Project("{FAE04EC0-301F-11D3-BF4B-00C04F79EFBC}") = "exercicio6", "exercicio6\exercicio6.csproj", "{433EA67F-3037-452A-9F0E-CC636DA7AA88}"
EndProject
Global
	GlobalSection(SolutionConfigurationPlatforms) = preSolution
		Debug|Any CPU = Debug|Any CPU
		Release|Any CPU = Release|Any CPU
	EndGlobalSection
	GlobalSection(ProjectConfigurationPlatforms) = postSolution
		{433EA67F-3037-452A-9F0E-CC636DA7AA88}.Debug|Any CPU.ActiveCfg = Debug|Any CPU
		{433EA67F-3037-452A-9F0E-CC636DA7AA88}.Debug|Any CPU.Build.0 = Debug|Any CPU
		{433EA67F-3037-452A-9F0E-CC636DA7AA88}.Release|Any CPU.ActiveCfg = Release|Any CPU
		{433EA67F-3037-452A-9F0E-CC636DA7AA88}.Release|Any CPU.Build.0 = Release|Any CPU
	EndGlobalSection
	GlobalSection(SolutionProperties) = preSolution
		HideSolutionNode = FALSE
	EndGlobalSection
	GlobalSection(ExtensibilityGlobals) = postSolution
		SolutionGuid = {8F5F95EF-2539-4C4E-B0A4-90D5E75B9488}
	EndGlobalSection
EndGlobal
