
Microsoft Visual Studio Solution File, Format Version 12.00
# Visual Studio Version 17
VisualStudioVersion = 17.9.34902.65
MinimumVisualStudioVersion = 10.0.40219.1
Project("{FAE04EC0-301F-11D3-BF4B-00C04F79EFBC}") = "exercicio1", "exercicio1\exercicio1.csproj", "{3F19D948-1AC0-4A19-86E6-4D00957837DE}"
EndProject
Global
	GlobalSection(SolutionConfigurationPlatforms) = preSolution
		Debug|Any CPU = Debug|Any CPU
		Release|Any CPU = Release|Any CPU
	EndGlobalSection
	GlobalSection(ProjectConfigurationPlatforms) = postSolution
		{3F19D948-1AC0-4A19-86E6-4D00957837DE}.Debug|Any CPU.ActiveCfg = Debug|Any CPU
		{3F19D948-1AC0-4A19-86E6-4D00957837DE}.Debug|Any CPU.Build.0 = Debug|Any CPU
		{3F19D948-1AC0-4A19-86E6-4D00957837DE}.Release|Any CPU.ActiveCfg = Release|Any CPU
		{3F19D948-1AC0-4A19-86E6-4D00957837DE}.Release|Any CPU.Build.0 = Release|Any CPU
	EndGlobalSection
	GlobalSection(SolutionProperties) = preSolution
		HideSolutionNode = FALSE
	EndGlobalSection
	GlobalSection(ExtensibilityGlobals) = postSolution
		SolutionGuid = {14B2A6B0-73B2-4926-87D7-EDA363209AC2}
	EndGlobalSection
EndGlobal
